
Microsoft Visual Studio Solution File, Format Version 12.00
# Visual Studio Version 17
VisualStudioVersion = 17.3.32922.545
MinimumVisualStudioVersion = 10.0.40219.1
Project("{FAE04EC0-301F-11D3-BF4B-00C04F79EFBC}") = "Scanizr", "Scanizr\Scanizr.csproj", "{FADA3886-5E46-4A55-8FF7-71B17C09355E}"
EndProject
Project("{9A19103F-16F7-4668-BE54-9A1E7A4F7556}") = "Scanizr.Integrations.Urovo", "Scanizr.Intergrations.Urovo\Scanizr.Integrations.Urovo.csproj", "{024F8422-307A-4FB0-9049-C7913C0FC596}"
EndProject
Project("{9A19103F-16F7-4668-BE54-9A1E7A4F7556}") = "Scanizr.Integrations.Zebra", "Scanizr.Intergrations.Zebra\Scanizr.Integrations.Zebra.csproj", "{099B2616-84B2-4692-805C-41070E42521B}"
EndProject
Global
	GlobalSection(SolutionConfigurationPlatforms) = preSolution
		Debug|Any CPU = Debug|Any CPU
		Release|Any CPU = Release|Any CPU
	EndGlobalSection
	GlobalSection(ProjectConfigurationPlatforms) = postSolution
		{FADA3886-5E46-4A55-8FF7-71B17C09355E}.Debug|Any CPU.ActiveCfg = Debug|Any CPU
		{FADA3886-5E46-4A55-8FF7-71B17C09355E}.Debug|Any CPU.Build.0 = Debug|Any CPU
		{FADA3886-5E46-4A55-8FF7-71B17C09355E}.Release|Any CPU.ActiveCfg = Release|Any CPU
		{FADA3886-5E46-4A55-8FF7-71B17C09355E}.Release|Any CPU.Build.0 = Release|Any CPU
		{024F8422-307A-4FB0-9049-C7913C0FC596}.Debug|Any CPU.ActiveCfg = Debug|Any CPU
		{024F8422-307A-4FB0-9049-C7913C0FC596}.Debug|Any CPU.Build.0 = Debug|Any CPU
		{024F8422-307A-4FB0-9049-C7913C0FC596}.Release|Any CPU.ActiveCfg = Release|Any CPU
		{024F8422-307A-4FB0-9049-C7913C0FC596}.Release|Any CPU.Build.0 = Release|Any CPU
		{099B2616-84B2-4692-805C-41070E42521B}.Debug|Any CPU.ActiveCfg = Debug|Any CPU
		{099B2616-84B2-4692-805C-41070E42521B}.Debug|Any CPU.Build.0 = Debug|Any CPU
		{099B2616-84B2-4692-805C-41070E42521B}.Release|Any CPU.ActiveCfg = Release|Any CPU
		{099B2616-84B2-4692-805C-41070E42521B}.Release|Any CPU.Build.0 = Release|Any CPU
	EndGlobalSection
	GlobalSection(SolutionProperties) = preSolution
		HideSolutionNode = FALSE
	EndGlobalSection
	GlobalSection(ExtensibilityGlobals) = postSolution
		SolutionGuid = {C3EE10E4-D2C7-48FA-87B2-4C8CC61C281D}
	EndGlobalSection
EndGlobal
