
Microsoft Visual Studio Solution File, Format Version 12.00
# Visual Studio Version 17
VisualStudioVersion = 17.3.32922.545
MinimumVisualStudioVersion = 10.0.40219.1
Project("{9A19103F-16F7-4668-BE54-9A1E7A4F7556}") = "Scanizr", "Scanizr\Scanizr.csproj", "{FADA3886-5E46-4A55-8FF7-71B17C09355E}"
EndProject
Project("{9A19103F-16F7-4668-BE54-9A1E7A4F7556}") = "Scanizr.Integrations.Urovo", "Scanizr.Intergrations.Urovo\Scanizr.Integrations.Urovo.csproj", "{024F8422-307A-4FB0-9049-C7913C0FC596}"
EndProject
Project("{9A19103F-16F7-4668-BE54-9A1E7A4F7556}") = "Scanizr.Integrations.Zebra", "Scanizr.Intergrations.Zebra\Scanizr.Integrations.Zebra.csproj", "{099B2616-84B2-4692-805C-41070E42521B}"
EndProject
Project("{2150E333-8FDC-42A3-9474-1A3956D46DE8}") = "Samples", "Samples", "{EB9D3926-7543-4139-B2C8-A78C92938A07}"
EndProject
Project("{2150E333-8FDC-42A3-9474-1A3956D46DE8}") = "Forms", "Forms", "{26D41E8E-E95F-4540-A237-74B1A03C0FF4}"
EndProject
Project("{9A19103F-16F7-4668-BE54-9A1E7A4F7556}") = "Scanizr.Sample.Forms", "Samples\Forms\Scanizr.Sample.Forms\Scanizr.Sample.Forms.csproj", "{ED2DA1F0-F1D6-44C0-893D-6B70D6CA868B}"
EndProject
Project("{FAE04EC0-301F-11D3-BF4B-00C04F79EFBC}") = "Scanizr.Sample.Forms.Android", "Samples\Forms\Scanizr.Sample.Forms.Android\Scanizr.Sample.Forms.Android.csproj", "{C61B12CD-AD8B-4C2E-B70B-FEE6152E3DEE}"
EndProject
Project("{2150E333-8FDC-42A3-9474-1A3956D46DE8}") = "MAUI", "MAUI", "{B08374DD-27C0-429F-B72B-8F558E08200E}"
EndProject
Project("{FAE04EC0-301F-11D3-BF4B-00C04F79EFBC}") = "Scanizr.Sample.MAUI", "Samples\MAUI\Scanizr.Sample.MAUI\Scanizr.Sample.MAUI.csproj", "{8F871BF9-C3E3-416D-9B86-91DD516D32A8}"
EndProject
Global
	GlobalSection(SolutionConfigurationPlatforms) = preSolution
		Ad-Hoc|Any CPU = Ad-Hoc|Any CPU
		Ad-Hoc|iPhone = Ad-Hoc|iPhone
		Ad-Hoc|iPhoneSimulator = Ad-Hoc|iPhoneSimulator
		AppStore|Any CPU = AppStore|Any CPU
		AppStore|iPhone = AppStore|iPhone
		AppStore|iPhoneSimulator = AppStore|iPhoneSimulator
		Debug|Any CPU = Debug|Any CPU
		Debug|iPhone = Debug|iPhone
		Debug|iPhoneSimulator = Debug|iPhoneSimulator
		Release|Any CPU = Release|Any CPU
		Release|iPhone = Release|iPhone
		Release|iPhoneSimulator = Release|iPhoneSimulator
	EndGlobalSection
	GlobalSection(ProjectConfigurationPlatforms) = postSolution
		{FADA3886-5E46-4A55-8FF7-71B17C09355E}.Ad-Hoc|Any CPU.ActiveCfg = Release|Any CPU
		{FADA3886-5E46-4A55-8FF7-71B17C09355E}.Ad-Hoc|Any CPU.Build.0 = Release|Any CPU
		{FADA3886-5E46-4A55-8FF7-71B17C09355E}.Ad-Hoc|iPhone.ActiveCfg = Release|Any CPU
		{FADA3886-5E46-4A55-8FF7-71B17C09355E}.Ad-Hoc|iPhone.Build.0 = Release|Any CPU
		{FADA3886-5E46-4A55-8FF7-71B17C09355E}.Ad-Hoc|iPhoneSimulator.ActiveCfg = Release|Any CPU
		{FADA3886-5E46-4A55-8FF7-71B17C09355E}.Ad-Hoc|iPhoneSimulator.Build.0 = Release|Any CPU
		{FADA3886-5E46-4A55-8FF7-71B17C09355E}.AppStore|Any CPU.ActiveCfg = Release|Any CPU
		{FADA3886-5E46-4A55-8FF7-71B17C09355E}.AppStore|Any CPU.Build.0 = Release|Any CPU
		{FADA3886-5E46-4A55-8FF7-71B17C09355E}.AppStore|iPhone.ActiveCfg = Release|Any CPU
		{FADA3886-5E46-4A55-8FF7-71B17C09355E}.AppStore|iPhone.Build.0 = Release|Any CPU
		{FADA3886-5E46-4A55-8FF7-71B17C09355E}.AppStore|iPhoneSimulator.ActiveCfg = Release|Any CPU
		{FADA3886-5E46-4A55-8FF7-71B17C09355E}.AppStore|iPhoneSimulator.Build.0 = Release|Any CPU
		{FADA3886-5E46-4A55-8FF7-71B17C09355E}.Debug|Any CPU.ActiveCfg = Debug|Any CPU
		{FADA3886-5E46-4A55-8FF7-71B17C09355E}.Debug|Any CPU.Build.0 = Debug|Any CPU
		{FADA3886-5E46-4A55-8FF7-71B17C09355E}.Debug|iPhone.ActiveCfg = Debug|Any CPU
		{FADA3886-5E46-4A55-8FF7-71B17C09355E}.Debug|iPhone.Build.0 = Debug|Any CPU
		{FADA3886-5E46-4A55-8FF7-71B17C09355E}.Debug|iPhoneSimulator.ActiveCfg = Debug|Any CPU
		{FADA3886-5E46-4A55-8FF7-71B17C09355E}.Debug|iPhoneSimulator.Build.0 = Debug|Any CPU
		{FADA3886-5E46-4A55-8FF7-71B17C09355E}.Release|Any CPU.ActiveCfg = Release|Any CPU
		{FADA3886-5E46-4A55-8FF7-71B17C09355E}.Release|Any CPU.Build.0 = Release|Any CPU
		{FADA3886-5E46-4A55-8FF7-71B17C09355E}.Release|iPhone.ActiveCfg = Release|Any CPU
		{FADA3886-5E46-4A55-8FF7-71B17C09355E}.Release|iPhone.Build.0 = Release|Any CPU
		{FADA3886-5E46-4A55-8FF7-71B17C09355E}.Release|iPhoneSimulator.ActiveCfg = Release|Any CPU
		{FADA3886-5E46-4A55-8FF7-71B17C09355E}.Release|iPhoneSimulator.Build.0 = Release|Any CPU
		{024F8422-307A-4FB0-9049-C7913C0FC596}.Ad-Hoc|Any CPU.ActiveCfg = Release|Any CPU
		{024F8422-307A-4FB0-9049-C7913C0FC596}.Ad-Hoc|Any CPU.Build.0 = Release|Any CPU
		{024F8422-307A-4FB0-9049-C7913C0FC596}.Ad-Hoc|iPhone.ActiveCfg = Release|Any CPU
		{024F8422-307A-4FB0-9049-C7913C0FC596}.Ad-Hoc|iPhone.Build.0 = Release|Any CPU
		{024F8422-307A-4FB0-9049-C7913C0FC596}.Ad-Hoc|iPhoneSimulator.ActiveCfg = Release|Any CPU
		{024F8422-307A-4FB0-9049-C7913C0FC596}.Ad-Hoc|iPhoneSimulator.Build.0 = Release|Any CPU
		{024F8422-307A-4FB0-9049-C7913C0FC596}.AppStore|Any CPU.ActiveCfg = Release|Any CPU
		{024F8422-307A-4FB0-9049-C7913C0FC596}.AppStore|Any CPU.Build.0 = Release|Any CPU
		{024F8422-307A-4FB0-9049-C7913C0FC596}.AppStore|iPhone.ActiveCfg = Release|Any CPU
		{024F8422-307A-4FB0-9049-C7913C0FC596}.AppStore|iPhone.Build.0 = Release|Any CPU
		{024F8422-307A-4FB0-9049-C7913C0FC596}.AppStore|iPhoneSimulator.ActiveCfg = Release|Any CPU
		{024F8422-307A-4FB0-9049-C7913C0FC596}.AppStore|iPhoneSimulator.Build.0 = Release|Any CPU
		{024F8422-307A-4FB0-9049-C7913C0FC596}.Debug|Any CPU.ActiveCfg = Debug|Any CPU
		{024F8422-307A-4FB0-9049-C7913C0FC596}.Debug|Any CPU.Build.0 = Debug|Any CPU
		{024F8422-307A-4FB0-9049-C7913C0FC596}.Debug|iPhone.ActiveCfg = Debug|Any CPU
		{024F8422-307A-4FB0-9049-C7913C0FC596}.Debug|iPhone.Build.0 = Debug|Any CPU
		{024F8422-307A-4FB0-9049-C7913C0FC596}.Debug|iPhoneSimulator.ActiveCfg = Debug|Any CPU
		{024F8422-307A-4FB0-9049-C7913C0FC596}.Debug|iPhoneSimulator.Build.0 = Debug|Any CPU
		{024F8422-307A-4FB0-9049-C7913C0FC596}.Release|Any CPU.ActiveCfg = Release|Any CPU
		{024F8422-307A-4FB0-9049-C7913C0FC596}.Release|Any CPU.Build.0 = Release|Any CPU
		{024F8422-307A-4FB0-9049-C7913C0FC596}.Release|iPhone.ActiveCfg = Release|Any CPU
		{024F8422-307A-4FB0-9049-C7913C0FC596}.Release|iPhone.Build.0 = Release|Any CPU
		{024F8422-307A-4FB0-9049-C7913C0FC596}.Release|iPhoneSimulator.ActiveCfg = Release|Any CPU
		{024F8422-307A-4FB0-9049-C7913C0FC596}.Release|iPhoneSimulator.Build.0 = Release|Any CPU
		{099B2616-84B2-4692-805C-41070E42521B}.Ad-Hoc|Any CPU.ActiveCfg = Release|Any CPU
		{099B2616-84B2-4692-805C-41070E42521B}.Ad-Hoc|Any CPU.Build.0 = Release|Any CPU
		{099B2616-84B2-4692-805C-41070E42521B}.Ad-Hoc|iPhone.ActiveCfg = Release|Any CPU
		{099B2616-84B2-4692-805C-41070E42521B}.Ad-Hoc|iPhone.Build.0 = Release|Any CPU
		{099B2616-84B2-4692-805C-41070E42521B}.Ad-Hoc|iPhoneSimulator.ActiveCfg = Release|Any CPU
		{099B2616-84B2-4692-805C-41070E42521B}.Ad-Hoc|iPhoneSimulator.Build.0 = Release|Any CPU
		{099B2616-84B2-4692-805C-41070E42521B}.AppStore|Any CPU.ActiveCfg = Release|Any CPU
		{099B2616-84B2-4692-805C-41070E42521B}.AppStore|Any CPU.Build.0 = Release|Any CPU
		{099B2616-84B2-4692-805C-41070E42521B}.AppStore|iPhone.ActiveCfg = Release|Any CPU
		{099B2616-84B2-4692-805C-41070E42521B}.AppStore|iPhone.Build.0 = Release|Any CPU
		{099B2616-84B2-4692-805C-41070E42521B}.AppStore|iPhoneSimulator.ActiveCfg = Release|Any CPU
		{099B2616-84B2-4692-805C-41070E42521B}.AppStore|iPhoneSimulator.Build.0 = Release|Any CPU
		{099B2616-84B2-4692-805C-41070E42521B}.Debug|Any CPU.ActiveCfg = Debug|Any CPU
		{099B2616-84B2-4692-805C-41070E42521B}.Debug|Any CPU.Build.0 = Debug|Any CPU
		{099B2616-84B2-4692-805C-41070E42521B}.Debug|iPhone.ActiveCfg = Debug|Any CPU
		{099B2616-84B2-4692-805C-41070E42521B}.Debug|iPhone.Build.0 = Debug|Any CPU
		{099B2616-84B2-4692-805C-41070E42521B}.Debug|iPhoneSimulator.ActiveCfg = Debug|Any CPU
		{099B2616-84B2-4692-805C-41070E42521B}.Debug|iPhoneSimulator.Build.0 = Debug|Any CPU
		{099B2616-84B2-4692-805C-41070E42521B}.Release|Any CPU.ActiveCfg = Release|Any CPU
		{099B2616-84B2-4692-805C-41070E42521B}.Release|Any CPU.Build.0 = Release|Any CPU
		{099B2616-84B2-4692-805C-41070E42521B}.Release|iPhone.ActiveCfg = Release|Any CPU
		{099B2616-84B2-4692-805C-41070E42521B}.Release|iPhone.Build.0 = Release|Any CPU
		{099B2616-84B2-4692-805C-41070E42521B}.Release|iPhoneSimulator.ActiveCfg = Release|Any CPU
		{099B2616-84B2-4692-805C-41070E42521B}.Release|iPhoneSimulator.Build.0 = Release|Any CPU
		{ED2DA1F0-F1D6-44C0-893D-6B70D6CA868B}.Ad-Hoc|Any CPU.ActiveCfg = Debug|Any CPU
		{ED2DA1F0-F1D6-44C0-893D-6B70D6CA868B}.Ad-Hoc|Any CPU.Build.0 = Debug|Any CPU
		{ED2DA1F0-F1D6-44C0-893D-6B70D6CA868B}.Ad-Hoc|iPhone.ActiveCfg = Debug|Any CPU
		{ED2DA1F0-F1D6-44C0-893D-6B70D6CA868B}.Ad-Hoc|iPhone.Build.0 = Debug|Any CPU
		{ED2DA1F0-F1D6-44C0-893D-6B70D6CA868B}.Ad-Hoc|iPhoneSimulator.ActiveCfg = Debug|Any CPU
		{ED2DA1F0-F1D6-44C0-893D-6B70D6CA868B}.Ad-Hoc|iPhoneSimulator.Build.0 = Debug|Any CPU
		{ED2DA1F0-F1D6-44C0-893D-6B70D6CA868B}.AppStore|Any CPU.ActiveCfg = Debug|Any CPU
		{ED2DA1F0-F1D6-44C0-893D-6B70D6CA868B}.AppStore|Any CPU.Build.0 = Debug|Any CPU
		{ED2DA1F0-F1D6-44C0-893D-6B70D6CA868B}.AppStore|iPhone.ActiveCfg = Debug|Any CPU
		{ED2DA1F0-F1D6-44C0-893D-6B70D6CA868B}.AppStore|iPhone.Build.0 = Debug|Any CPU
		{ED2DA1F0-F1D6-44C0-893D-6B70D6CA868B}.AppStore|iPhoneSimulator.ActiveCfg = Debug|Any CPU
		{ED2DA1F0-F1D6-44C0-893D-6B70D6CA868B}.AppStore|iPhoneSimulator.Build.0 = Debug|Any CPU
		{ED2DA1F0-F1D6-44C0-893D-6B70D6CA868B}.Debug|Any CPU.ActiveCfg = Debug|Any CPU
		{ED2DA1F0-F1D6-44C0-893D-6B70D6CA868B}.Debug|Any CPU.Build.0 = Debug|Any CPU
		{ED2DA1F0-F1D6-44C0-893D-6B70D6CA868B}.Debug|iPhone.ActiveCfg = Debug|Any CPU
		{ED2DA1F0-F1D6-44C0-893D-6B70D6CA868B}.Debug|iPhone.Build.0 = Debug|Any CPU
		{ED2DA1F0-F1D6-44C0-893D-6B70D6CA868B}.Debug|iPhoneSimulator.ActiveCfg = Debug|Any CPU
		{ED2DA1F0-F1D6-44C0-893D-6B70D6CA868B}.Debug|iPhoneSimulator.Build.0 = Debug|Any CPU
		{ED2DA1F0-F1D6-44C0-893D-6B70D6CA868B}.Release|Any CPU.ActiveCfg = Release|Any CPU
		{ED2DA1F0-F1D6-44C0-893D-6B70D6CA868B}.Release|Any CPU.Build.0 = Release|Any CPU
		{ED2DA1F0-F1D6-44C0-893D-6B70D6CA868B}.Release|iPhone.ActiveCfg = Release|Any CPU
		{ED2DA1F0-F1D6-44C0-893D-6B70D6CA868B}.Release|iPhone.Build.0 = Release|Any CPU
		{ED2DA1F0-F1D6-44C0-893D-6B70D6CA868B}.Release|iPhoneSimulator.ActiveCfg = Release|Any CPU
		{ED2DA1F0-F1D6-44C0-893D-6B70D6CA868B}.Release|iPhoneSimulator.Build.0 = Release|Any CPU
		{C61B12CD-AD8B-4C2E-B70B-FEE6152E3DEE}.Ad-Hoc|Any CPU.ActiveCfg = Debug|Any CPU
		{C61B12CD-AD8B-4C2E-B70B-FEE6152E3DEE}.Ad-Hoc|Any CPU.Build.0 = Debug|Any CPU
		{C61B12CD-AD8B-4C2E-B70B-FEE6152E3DEE}.Ad-Hoc|Any CPU.Deploy.0 = Debug|Any CPU
		{C61B12CD-AD8B-4C2E-B70B-FEE6152E3DEE}.Ad-Hoc|iPhone.ActiveCfg = Debug|Any CPU
		{C61B12CD-AD8B-4C2E-B70B-FEE6152E3DEE}.Ad-Hoc|iPhone.Build.0 = Debug|Any CPU
		{C61B12CD-AD8B-4C2E-B70B-FEE6152E3DEE}.Ad-Hoc|iPhone.Deploy.0 = Debug|Any CPU
		{C61B12CD-AD8B-4C2E-B70B-FEE6152E3DEE}.Ad-Hoc|iPhoneSimulator.ActiveCfg = Debug|Any CPU
		{C61B12CD-AD8B-4C2E-B70B-FEE6152E3DEE}.Ad-Hoc|iPhoneSimulator.Build.0 = Debug|Any CPU
		{C61B12CD-AD8B-4C2E-B70B-FEE6152E3DEE}.Ad-Hoc|iPhoneSimulator.Deploy.0 = Debug|Any CPU
		{C61B12CD-AD8B-4C2E-B70B-FEE6152E3DEE}.AppStore|Any CPU.ActiveCfg = Debug|Any CPU
		{C61B12CD-AD8B-4C2E-B70B-FEE6152E3DEE}.AppStore|Any CPU.Build.0 = Debug|Any CPU
		{C61B12CD-AD8B-4C2E-B70B-FEE6152E3DEE}.AppStore|Any CPU.Deploy.0 = Debug|Any CPU
		{C61B12CD-AD8B-4C2E-B70B-FEE6152E3DEE}.AppStore|iPhone.ActiveCfg = Debug|Any CPU
		{C61B12CD-AD8B-4C2E-B70B-FEE6152E3DEE}.AppStore|iPhone.Build.0 = Debug|Any CPU
		{C61B12CD-AD8B-4C2E-B70B-FEE6152E3DEE}.AppStore|iPhone.Deploy.0 = Debug|Any CPU
		{C61B12CD-AD8B-4C2E-B70B-FEE6152E3DEE}.AppStore|iPhoneSimulator.ActiveCfg = Debug|Any CPU
		{C61B12CD-AD8B-4C2E-B70B-FEE6152E3DEE}.AppStore|iPhoneSimulator.Build.0 = Debug|Any CPU
		{C61B12CD-AD8B-4C2E-B70B-FEE6152E3DEE}.AppStore|iPhoneSimulator.Deploy.0 = Debug|Any CPU
		{C61B12CD-AD8B-4C2E-B70B-FEE6152E3DEE}.Debug|Any CPU.ActiveCfg = Debug|Any CPU
		{C61B12CD-AD8B-4C2E-B70B-FEE6152E3DEE}.Debug|Any CPU.Build.0 = Debug|Any CPU
		{C61B12CD-AD8B-4C2E-B70B-FEE6152E3DEE}.Debug|Any CPU.Deploy.0 = Debug|Any CPU
		{C61B12CD-AD8B-4C2E-B70B-FEE6152E3DEE}.Debug|iPhone.ActiveCfg = Debug|Any CPU
		{C61B12CD-AD8B-4C2E-B70B-FEE6152E3DEE}.Debug|iPhone.Build.0 = Debug|Any CPU
		{C61B12CD-AD8B-4C2E-B70B-FEE6152E3DEE}.Debug|iPhone.Deploy.0 = Debug|Any CPU
		{C61B12CD-AD8B-4C2E-B70B-FEE6152E3DEE}.Debug|iPhoneSimulator.ActiveCfg = Debug|Any CPU
		{C61B12CD-AD8B-4C2E-B70B-FEE6152E3DEE}.Debug|iPhoneSimulator.Build.0 = Debug|Any CPU
		{C61B12CD-AD8B-4C2E-B70B-FEE6152E3DEE}.Debug|iPhoneSimulator.Deploy.0 = Debug|Any CPU
		{C61B12CD-AD8B-4C2E-B70B-FEE6152E3DEE}.Release|Any CPU.ActiveCfg = Release|Any CPU
		{C61B12CD-AD8B-4C2E-B70B-FEE6152E3DEE}.Release|Any CPU.Build.0 = Release|Any CPU
		{C61B12CD-AD8B-4C2E-B70B-FEE6152E3DEE}.Release|Any CPU.Deploy.0 = Release|Any CPU
		{C61B12CD-AD8B-4C2E-B70B-FEE6152E3DEE}.Release|iPhone.ActiveCfg = Release|Any CPU
		{C61B12CD-AD8B-4C2E-B70B-FEE6152E3DEE}.Release|iPhone.Build.0 = Release|Any CPU
		{C61B12CD-AD8B-4C2E-B70B-FEE6152E3DEE}.Release|iPhone.Deploy.0 = Release|Any CPU
		{C61B12CD-AD8B-4C2E-B70B-FEE6152E3DEE}.Release|iPhoneSimulator.ActiveCfg = Release|Any CPU
		{C61B12CD-AD8B-4C2E-B70B-FEE6152E3DEE}.Release|iPhoneSimulator.Build.0 = Release|Any CPU
		{C61B12CD-AD8B-4C2E-B70B-FEE6152E3DEE}.Release|iPhoneSimulator.Deploy.0 = Release|Any CPU
		{8F871BF9-C3E3-416D-9B86-91DD516D32A8}.Ad-Hoc|Any CPU.ActiveCfg = Debug|Any CPU
		{8F871BF9-C3E3-416D-9B86-91DD516D32A8}.Ad-Hoc|Any CPU.Build.0 = Debug|Any CPU
		{8F871BF9-C3E3-416D-9B86-91DD516D32A8}.Ad-Hoc|Any CPU.Deploy.0 = Debug|Any CPU
		{8F871BF9-C3E3-416D-9B86-91DD516D32A8}.Ad-Hoc|iPhone.ActiveCfg = Debug|Any CPU
		{8F871BF9-C3E3-416D-9B86-91DD516D32A8}.Ad-Hoc|iPhone.Build.0 = Debug|Any CPU
		{8F871BF9-C3E3-416D-9B86-91DD516D32A8}.Ad-Hoc|iPhone.Deploy.0 = Debug|Any CPU
		{8F871BF9-C3E3-416D-9B86-91DD516D32A8}.Ad-Hoc|iPhoneSimulator.ActiveCfg = Debug|Any CPU
		{8F871BF9-C3E3-416D-9B86-91DD516D32A8}.Ad-Hoc|iPhoneSimulator.Build.0 = Debug|Any CPU
		{8F871BF9-C3E3-416D-9B86-91DD516D32A8}.Ad-Hoc|iPhoneSimulator.Deploy.0 = Debug|Any CPU
		{8F871BF9-C3E3-416D-9B86-91DD516D32A8}.AppStore|Any CPU.ActiveCfg = Debug|Any CPU
		{8F871BF9-C3E3-416D-9B86-91DD516D32A8}.AppStore|Any CPU.Build.0 = Debug|Any CPU
		{8F871BF9-C3E3-416D-9B86-91DD516D32A8}.AppStore|Any CPU.Deploy.0 = Debug|Any CPU
		{8F871BF9-C3E3-416D-9B86-91DD516D32A8}.AppStore|iPhone.ActiveCfg = Debug|Any CPU
		{8F871BF9-C3E3-416D-9B86-91DD516D32A8}.AppStore|iPhone.Build.0 = Debug|Any CPU
		{8F871BF9-C3E3-416D-9B86-91DD516D32A8}.AppStore|iPhone.Deploy.0 = Debug|Any CPU
		{8F871BF9-C3E3-416D-9B86-91DD516D32A8}.AppStore|iPhoneSimulator.ActiveCfg = Debug|Any CPU
		{8F871BF9-C3E3-416D-9B86-91DD516D32A8}.AppStore|iPhoneSimulator.Build.0 = Debug|Any CPU
		{8F871BF9-C3E3-416D-9B86-91DD516D32A8}.AppStore|iPhoneSimulator.Deploy.0 = Debug|Any CPU
		{8F871BF9-C3E3-416D-9B86-91DD516D32A8}.Debug|Any CPU.ActiveCfg = Debug|Any CPU
		{8F871BF9-C3E3-416D-9B86-91DD516D32A8}.Debug|Any CPU.Build.0 = Debug|Any CPU
		{8F871BF9-C3E3-416D-9B86-91DD516D32A8}.Debug|Any CPU.Deploy.0 = Debug|Any CPU
		{8F871BF9-C3E3-416D-9B86-91DD516D32A8}.Debug|iPhone.ActiveCfg = Debug|Any CPU
		{8F871BF9-C3E3-416D-9B86-91DD516D32A8}.Debug|iPhone.Build.0 = Debug|Any CPU
		{8F871BF9-C3E3-416D-9B86-91DD516D32A8}.Debug|iPhone.Deploy.0 = Debug|Any CPU
		{8F871BF9-C3E3-416D-9B86-91DD516D32A8}.Debug|iPhoneSimulator.ActiveCfg = Debug|Any CPU
		{8F871BF9-C3E3-416D-9B86-91DD516D32A8}.Debug|iPhoneSimulator.Build.0 = Debug|Any CPU
		{8F871BF9-C3E3-416D-9B86-91DD516D32A8}.Debug|iPhoneSimulator.Deploy.0 = Debug|Any CPU
		{8F871BF9-C3E3-416D-9B86-91DD516D32A8}.Release|Any CPU.ActiveCfg = Release|Any CPU
		{8F871BF9-C3E3-416D-9B86-91DD516D32A8}.Release|Any CPU.Build.0 = Release|Any CPU
		{8F871BF9-C3E3-416D-9B86-91DD516D32A8}.Release|Any CPU.Deploy.0 = Release|Any CPU
		{8F871BF9-C3E3-416D-9B86-91DD516D32A8}.Release|iPhone.ActiveCfg = Release|Any CPU
		{8F871BF9-C3E3-416D-9B86-91DD516D32A8}.Release|iPhone.Build.0 = Release|Any CPU
		{8F871BF9-C3E3-416D-9B86-91DD516D32A8}.Release|iPhone.Deploy.0 = Release|Any CPU
		{8F871BF9-C3E3-416D-9B86-91DD516D32A8}.Release|iPhoneSimulator.ActiveCfg = Release|Any CPU
		{8F871BF9-C3E3-416D-9B86-91DD516D32A8}.Release|iPhoneSimulator.Build.0 = Release|Any CPU
		{8F871BF9-C3E3-416D-9B86-91DD516D32A8}.Release|iPhoneSimulator.Deploy.0 = Release|Any CPU
	EndGlobalSection
	GlobalSection(SolutionProperties) = preSolution
		HideSolutionNode = FALSE
	EndGlobalSection
	GlobalSection(NestedProjects) = preSolution
		{26D41E8E-E95F-4540-A237-74B1A03C0FF4} = {EB9D3926-7543-4139-B2C8-A78C92938A07}
		{ED2DA1F0-F1D6-44C0-893D-6B70D6CA868B} = {26D41E8E-E95F-4540-A237-74B1A03C0FF4}
		{C61B12CD-AD8B-4C2E-B70B-FEE6152E3DEE} = {26D41E8E-E95F-4540-A237-74B1A03C0FF4}
		{B08374DD-27C0-429F-B72B-8F558E08200E} = {EB9D3926-7543-4139-B2C8-A78C92938A07}
		{8F871BF9-C3E3-416D-9B86-91DD516D32A8} = {B08374DD-27C0-429F-B72B-8F558E08200E}
	EndGlobalSection
	GlobalSection(ExtensibilityGlobals) = postSolution
		SolutionGuid = {C3EE10E4-D2C7-48FA-87B2-4C8CC61C281D}
	EndGlobalSection
EndGlobal
